
Microsoft Visual Studio Solution File, Format Version 12.00
# Visual Studio Version 17
VisualStudioVersion = 17.4.33205.214
MinimumVisualStudioVersion = 10.0.40219.1
Project("{FAE04EC0-301F-11D3-BF4B-00C04F79EFBC}") = "ad15_d12_p2", "ad15_d12_p2\ad15_d12_p2.csproj", "{7034F22B-06E8-4297-B251-C20746F3F306}"
EndProject
Global
	GlobalSection(SolutionConfigurationPlatforms) = preSolution
		Debug|Any CPU = Debug|Any CPU
		Release|Any CPU = Release|Any CPU
	EndGlobalSection
	GlobalSection(ProjectConfigurationPlatforms) = postSolution
		{7034F22B-06E8-4297-B251-C20746F3F306}.Debug|Any CPU.ActiveCfg = Debug|Any CPU
		{7034F22B-06E8-4297-B251-C20746F3F306}.Debug|Any CPU.Build.0 = Debug|Any CPU
		{7034F22B-06E8-4297-B251-C20746F3F306}.Release|Any CPU.ActiveCfg = Release|Any CPU
		{7034F22B-06E8-4297-B251-C20746F3F306}.Release|Any CPU.Build.0 = Release|Any CPU
	EndGlobalSection
	GlobalSection(SolutionProperties) = preSolution
		HideSolutionNode = FALSE
	EndGlobalSection
	GlobalSection(ExtensibilityGlobals) = postSolution
		SolutionGuid = {21BCFC71-7AB1-4D83-B3C1-E42CDFACC84E}
	EndGlobalSection
EndGlobal
