
Microsoft Visual Studio Solution File, Format Version 12.00
# Visual Studio Version 17
VisualStudioVersion = 17.4.33205.214
MinimumVisualStudioVersion = 10.0.40219.1
Project("{FAE04EC0-301F-11D3-BF4B-00C04F79EFBC}") = "ad15_d12", "ad15_d12\ad15_d12.csproj", "{14787885-0A4D-4B30-810B-5A63C4DE09B3}"
EndProject
Global
	GlobalSection(SolutionConfigurationPlatforms) = preSolution
		Debug|Any CPU = Debug|Any CPU
		Release|Any CPU = Release|Any CPU
	EndGlobalSection
	GlobalSection(ProjectConfigurationPlatforms) = postSolution
		{14787885-0A4D-4B30-810B-5A63C4DE09B3}.Debug|Any CPU.ActiveCfg = Debug|Any CPU
		{14787885-0A4D-4B30-810B-5A63C4DE09B3}.Debug|Any CPU.Build.0 = Debug|Any CPU
		{14787885-0A4D-4B30-810B-5A63C4DE09B3}.Release|Any CPU.ActiveCfg = Release|Any CPU
		{14787885-0A4D-4B30-810B-5A63C4DE09B3}.Release|Any CPU.Build.0 = Release|Any CPU
	EndGlobalSection
	GlobalSection(SolutionProperties) = preSolution
		HideSolutionNode = FALSE
	EndGlobalSection
	GlobalSection(ExtensibilityGlobals) = postSolution
		SolutionGuid = {61F9E570-4F99-4B57-B029-CFA1EAA62849}
	EndGlobalSection
EndGlobal
