
Microsoft Visual Studio Solution File, Format Version 12.00
# Visual Studio Version 17
VisualStudioVersion = 17.4.33205.214
MinimumVisualStudioVersion = 10.0.40219.1
Project("{FAE04EC0-301F-11D3-BF4B-00C04F79EFBC}") = "ad15_d6", "ad15_d6\ad15_d6.csproj", "{1C55433C-F2BE-4FC6-A4D8-DACD3628E2C8}"
EndProject
Global
	GlobalSection(SolutionConfigurationPlatforms) = preSolution
		Debug|Any CPU = Debug|Any CPU
		Release|Any CPU = Release|Any CPU
	EndGlobalSection
	GlobalSection(ProjectConfigurationPlatforms) = postSolution
		{1C55433C-F2BE-4FC6-A4D8-DACD3628E2C8}.Debug|Any CPU.ActiveCfg = Debug|Any CPU
		{1C55433C-F2BE-4FC6-A4D8-DACD3628E2C8}.Debug|Any CPU.Build.0 = Debug|Any CPU
		{1C55433C-F2BE-4FC6-A4D8-DACD3628E2C8}.Release|Any CPU.ActiveCfg = Release|Any CPU
		{1C55433C-F2BE-4FC6-A4D8-DACD3628E2C8}.Release|Any CPU.Build.0 = Release|Any CPU
	EndGlobalSection
	GlobalSection(SolutionProperties) = preSolution
		HideSolutionNode = FALSE
	EndGlobalSection
	GlobalSection(ExtensibilityGlobals) = postSolution
		SolutionGuid = {8F3A4061-CCF7-4900-B319-323A6F7959D9}
	EndGlobalSection
EndGlobal
