
Microsoft Visual Studio Solution File, Format Version 12.00
# Visual Studio Version 17
VisualStudioVersion = 17.4.33205.214
MinimumVisualStudioVersion = 10.0.40219.1
Project("{FAE04EC0-301F-11D3-BF4B-00C04F79EFBC}") = "ad15_d11", "ad15_d11\ad15_d11.csproj", "{5D57EBFE-7BDC-4D0B-B125-DC71A9E41C16}"
EndProject
Global
	GlobalSection(SolutionConfigurationPlatforms) = preSolution
		Debug|Any CPU = Debug|Any CPU
		Release|Any CPU = Release|Any CPU
	EndGlobalSection
	GlobalSection(ProjectConfigurationPlatforms) = postSolution
		{5D57EBFE-7BDC-4D0B-B125-DC71A9E41C16}.Debug|Any CPU.ActiveCfg = Debug|Any CPU
		{5D57EBFE-7BDC-4D0B-B125-DC71A9E41C16}.Debug|Any CPU.Build.0 = Debug|Any CPU
		{5D57EBFE-7BDC-4D0B-B125-DC71A9E41C16}.Release|Any CPU.ActiveCfg = Release|Any CPU
		{5D57EBFE-7BDC-4D0B-B125-DC71A9E41C16}.Release|Any CPU.Build.0 = Release|Any CPU
	EndGlobalSection
	GlobalSection(SolutionProperties) = preSolution
		HideSolutionNode = FALSE
	EndGlobalSection
	GlobalSection(ExtensibilityGlobals) = postSolution
		SolutionGuid = {CE5B6259-BCA6-4118-AC0F-6E1E84AAF720}
	EndGlobalSection
EndGlobal
