
Microsoft Visual Studio Solution File, Format Version 12.00
# Visual Studio Version 17
VisualStudioVersion = 17.4.33205.214
MinimumVisualStudioVersion = 10.0.40219.1
Project("{FAE04EC0-301F-11D3-BF4B-00C04F79EFBC}") = "ad15_d2", "ad15_d2\ad15_d2.csproj", "{C4FFD21D-C5B3-429D-BD3B-80060C59ABA0}"
EndProject
Global
	GlobalSection(SolutionConfigurationPlatforms) = preSolution
		Debug|Any CPU = Debug|Any CPU
		Release|Any CPU = Release|Any CPU
	EndGlobalSection
	GlobalSection(ProjectConfigurationPlatforms) = postSolution
		{C4FFD21D-C5B3-429D-BD3B-80060C59ABA0}.Debug|Any CPU.ActiveCfg = Debug|Any CPU
		{C4FFD21D-C5B3-429D-BD3B-80060C59ABA0}.Debug|Any CPU.Build.0 = Debug|Any CPU
		{C4FFD21D-C5B3-429D-BD3B-80060C59ABA0}.Release|Any CPU.ActiveCfg = Release|Any CPU
		{C4FFD21D-C5B3-429D-BD3B-80060C59ABA0}.Release|Any CPU.Build.0 = Release|Any CPU
	EndGlobalSection
	GlobalSection(SolutionProperties) = preSolution
		HideSolutionNode = FALSE
	EndGlobalSection
	GlobalSection(ExtensibilityGlobals) = postSolution
		SolutionGuid = {2B214731-9E83-43A5-AA74-D2A819DC5743}
	EndGlobalSection
EndGlobal
